
Microsoft Visual Studio Solution File, Format Version 12.00
# Visual Studio Version 17
VisualStudioVersion = 17.1.32210.238
MinimumVisualStudioVersion = 10.0.40219.1
Project("{FAE04EC0-301F-11D3-BF4B-00C04F79EFBC}") = "Metodos", "Metodos\Metodos.csproj", "{C4D39057-18C1-43E6-AA32-EDB8D596C8D2}"
EndProject
Global
	GlobalSection(SolutionConfigurationPlatforms) = preSolution
		Debug|Any CPU = Debug|Any CPU
		Release|Any CPU = Release|Any CPU
	EndGlobalSection
	GlobalSection(ProjectConfigurationPlatforms) = postSolution
		{C4D39057-18C1-43E6-AA32-EDB8D596C8D2}.Debug|Any CPU.ActiveCfg = Debug|Any CPU
		{C4D39057-18C1-43E6-AA32-EDB8D596C8D2}.Debug|Any CPU.Build.0 = Debug|Any CPU
		{C4D39057-18C1-43E6-AA32-EDB8D596C8D2}.Release|Any CPU.ActiveCfg = Release|Any CPU
		{C4D39057-18C1-43E6-AA32-EDB8D596C8D2}.Release|Any CPU.Build.0 = Release|Any CPU
	EndGlobalSection
	GlobalSection(SolutionProperties) = preSolution
		HideSolutionNode = FALSE
	EndGlobalSection
	GlobalSection(ExtensibilityGlobals) = postSolution
		SolutionGuid = {39C78207-71D5-4E45-8915-9BE092C77109}
	EndGlobalSection
EndGlobal
